
Microsoft Visual Studio Solution File, Format Version 12.00
# Visual Studio 15
VisualStudioVersion = 15.0.27428.2037
MinimumVisualStudioVersion = 10.0.40219.1
Project("{8BC9CEB8-8B4A-11D0-8D11-00A0C91BC942}") = "AODV", "AODV\AODV.vcxproj", "{7A8F6483-97FE-4994-B8C4-2C936C566554}"
EndProject
Project("{8BC9CEB8-8B4A-11D0-8D11-00A0C91BC942}") = "Application", "Application\Application.vcxproj", "{EF2AD135-15C6-4649-A98E-08CC9FF369F6}"
EndProject
Project("{8BC9CEB8-8B4A-11D0-8D11-00A0C91BC942}") = "ARP", "ARP\ARP.vcxproj", "{93A8295E-2969-4723-B174-01F7FF79698B}"
EndProject
Project("{8BC9CEB8-8B4A-11D0-8D11-00A0C91BC942}") = "Cellular", "Cellular\Cellular.vcxproj", "{B0FDD127-F35C-4C89-A89A-4402575AC39E}"
EndProject
Project("{8BC9CEB8-8B4A-11D0-8D11-00A0C91BC942}") = "CognitiveRadio", "CognitiveRadio\CognitiveRadio.vcxproj", "{7B098B60-ACE3-40D9-8B67-2E4021D21CC1}"
EndProject
Project("{8BC9CEB8-8B4A-11D0-8D11-00A0C91BC942}") = "DSR", "DSR\DSR.vcxproj", "{2B8E9B32-7653-44B7-B0E8-9E77AA4236FD}"
EndProject
Project("{8BC9CEB8-8B4A-11D0-8D11-00A0C91BC942}") = "DTDMA", "DTDMA\DTDMA.vcxproj", "{0D758B56-0FF9-4343-98B6-448C39F6AB99}"
EndProject
Project("{8BC9CEB8-8B4A-11D0-8D11-00A0C91BC942}") = "Ethernet", "Ethernet\Ethernet.vcxproj", "{ADC29AB5-E1A8-4DF6-A361-41714F7E093C}"
EndProject
Project("{8BC9CEB8-8B4A-11D0-8D11-00A0C91BC942}") = "IP", "IP\IP.vcxproj", "{F1D7B159-4824-4C1C-95ED-AEDE836B903A}"
EndProject
Project("{8BC9CEB8-8B4A-11D0-8D11-00A0C91BC942}") = "LTE", "LTE\LTE.vcxproj", "{B97FB82A-4A98-4C25-AEAB-A2D2041E0D95}"
EndProject
Project("{8BC9CEB8-8B4A-11D0-8D11-00A0C91BC942}") = "Mobility", "Mobility\Mobility.vcxproj", "{E2B9EE72-8464-4270-8B14-E93A83C4CE84}"
EndProject
Project("{8BC9CEB8-8B4A-11D0-8D11-00A0C91BC942}") = "Routing", "Routing\Routing.vcxproj", "{A98851AA-0FF6-4FB9-93FD-549D414D0620}"
EndProject
Project("{8BC9CEB8-8B4A-11D0-8D11-00A0C91BC942}") = "SupportFunction", "SupportFunction\SupportFunction.vcxproj", "{DCB267CB-0EA7-4299-BB33-9C9512F01194}"
EndProject
Project("{8BC9CEB8-8B4A-11D0-8D11-00A0C91BC942}") = "TCP", "TCP\TCP.vcxproj", "{09AC396A-DDE0-4B04-8B17-27A977786934}"
EndProject
Project("{8BC9CEB8-8B4A-11D0-8D11-00A0C91BC942}") = "TDMA", "TDMA\TDMA.vcxproj", "{A6CCF2ED-C62D-4942-822B-40E0455AEC28}"
EndProject
Project("{8BC9CEB8-8B4A-11D0-8D11-00A0C91BC942}") = "Token_BR", "Token_BR\Token_BR.vcxproj", "{5FDD2DB3-6A19-4B23-9E6E-75DA48357F71}"
EndProject
Project("{8BC9CEB8-8B4A-11D0-8D11-00A0C91BC942}") = "UDP", "UDP\UDP.vcxproj", "{612C5146-DB1D-4703-9BB7-547AB5DED7F5}"
EndProject
Project("{8BC9CEB8-8B4A-11D0-8D11-00A0C91BC942}") = "ZRP", "ZRP\ZRP.vcxproj", "{5FA23BBC-CBF5-4F8D-AB2B-2059045B3438}"
EndProject
Project("{8BC9CEB8-8B4A-11D0-8D11-00A0C91BC942}") = "ZigBee", "ZigBee\ZigBee.vcxproj", "{9D008851-0A14-4CD7-B858-D94C31F0F146}"
EndProject
Project("{8BC9CEB8-8B4A-11D0-8D11-00A0C91BC942}") = "IEEE1609", "IEEE1609\IEEE1609.vcxproj", "{433F07EA-2379-40FB-A7FF-98E663361ACD}"
EndProject
Project("{8BC9CEB8-8B4A-11D0-8D11-00A0C91BC942}") = "RPL", "RPL\RPL.vcxproj", "{E7074931-1D94-4D38-8118-96E55E7C31D6}"
EndProject
Project("{8BC9CEB8-8B4A-11D0-8D11-00A0C91BC942}") = "Aloha", "Aloha\Aloha.vcxproj", "{FF32FF78-648D-4652-8086-1C4CCB149A5B}"
EndProject
Project("{8BC9CEB8-8B4A-11D0-8D11-00A0C91BC942}") = "CSMACD", "CSMACD\CSMACD.vcxproj", "{1831E07D-1C6A-48EC-B4DD-59C09B037005}"
EndProject
Project("{8BC9CEB8-8B4A-11D0-8D11-00A0C91BC942}") = "IEEE802_11", "IEEE802_11\IEEE802_11.vcxproj", "{7E6EF5D6-E6DF-4485-BF8F-10482C949975}"
EndProject
Project("{8BC9CEB8-8B4A-11D0-8D11-00A0C91BC942}") = "Firewall", "Firewall\Firewall.vcxproj", "{6A589A7B-626E-456B-95CA-A6547E3E903D}"
EndProject
Project("{8BC9CEB8-8B4A-11D0-8D11-00A0C91BC942}") = "P2P", "P2P\P2P.vcxproj", "{F449F119-4F5D-4FB7-AD79-1A014AA4AA93}"
EndProject
Project("{8BC9CEB8-8B4A-11D0-8D11-00A0C91BC942}") = "OSPF", "OSPF\OSPF.vcxproj", "{35F5CFEE-95F9-40E7-8334-16B63A06B905}"
EndProject
Project("{8BC9CEB8-8B4A-11D0-8D11-00A0C91BC942}") = "SDN", "SDN\SDN.vcxproj", "{C7A41CA9-2832-4004-8676-B31ED2FC3B50}"
EndProject
Project("{8BC9CEB8-8B4A-11D0-8D11-00A0C91BC942}") = "CLIInterpretor", "CLIInterpretor\CLIInterpretor.vcxproj", "{4EC96DB4-034B-4760-A23D-6085199C5AF0}"
EndProject
Project("{8BC9CEB8-8B4A-11D0-8D11-00A0C91BC942}") = "BatteryModel", "BatteryModel\BatteryModel.vcxproj", "{56494E7D-9F8C-4A36-BCED-18C0DA7A227B}"
EndProject
Project("{8BC9CEB8-8B4A-11D0-8D11-00A0C91BC942}") = "Medium", "Medium\Medium.vcxproj", "{735E9E85-7EB3-4A01-AB7B-C9E1C324081A}"
EndProject
Global
	GlobalSection(SolutionConfigurationPlatforms) = preSolution
		Debug|Win32 = Debug|Win32
		Debug|x64 = Debug|x64
		Release|Win32 = Release|Win32
		Release|x64 = Release|x64
	EndGlobalSection
	GlobalSection(ProjectConfigurationPlatforms) = postSolution
		{7A8F6483-97FE-4994-B8C4-2C936C566554}.Debug|Win32.ActiveCfg = Debug|Win32
		{7A8F6483-97FE-4994-B8C4-2C936C566554}.Debug|Win32.Build.0 = Debug|Win32
		{7A8F6483-97FE-4994-B8C4-2C936C566554}.Debug|x64.ActiveCfg = Debug|x64
		{7A8F6483-97FE-4994-B8C4-2C936C566554}.Debug|x64.Build.0 = Debug|x64
		{7A8F6483-97FE-4994-B8C4-2C936C566554}.Release|Win32.ActiveCfg = Release|Win32
		{7A8F6483-97FE-4994-B8C4-2C936C566554}.Release|Win32.Build.0 = Release|Win32
		{7A8F6483-97FE-4994-B8C4-2C936C566554}.Release|x64.ActiveCfg = Release|x64
		{7A8F6483-97FE-4994-B8C4-2C936C566554}.Release|x64.Build.0 = Release|x64
		{EF2AD135-15C6-4649-A98E-08CC9FF369F6}.Debug|Win32.ActiveCfg = Debug|Win32
		{EF2AD135-15C6-4649-A98E-08CC9FF369F6}.Debug|Win32.Build.0 = Debug|Win32
		{EF2AD135-15C6-4649-A98E-08CC9FF369F6}.Debug|x64.ActiveCfg = Debug|x64
		{EF2AD135-15C6-4649-A98E-08CC9FF369F6}.Debug|x64.Build.0 = Debug|x64
		{EF2AD135-15C6-4649-A98E-08CC9FF369F6}.Release|Win32.ActiveCfg = Release|Win32
		{EF2AD135-15C6-4649-A98E-08CC9FF369F6}.Release|Win32.Build.0 = Release|Win32
		{EF2AD135-15C6-4649-A98E-08CC9FF369F6}.Release|x64.ActiveCfg = Release|x64
		{EF2AD135-15C6-4649-A98E-08CC9FF369F6}.Release|x64.Build.0 = Release|x64
		{93A8295E-2969-4723-B174-01F7FF79698B}.Debug|Win32.ActiveCfg = Debug|Win32
		{93A8295E-2969-4723-B174-01F7FF79698B}.Debug|Win32.Build.0 = Debug|Win32
		{93A8295E-2969-4723-B174-01F7FF79698B}.Debug|x64.ActiveCfg = Debug|x64
		{93A8295E-2969-4723-B174-01F7FF79698B}.Debug|x64.Build.0 = Debug|x64
		{93A8295E-2969-4723-B174-01F7FF79698B}.Release|Win32.ActiveCfg = Release|Win32
		{93A8295E-2969-4723-B174-01F7FF79698B}.Release|Win32.Build.0 = Release|Win32
		{93A8295E-2969-4723-B174-01F7FF79698B}.Release|x64.ActiveCfg = Release|x64
		{93A8295E-2969-4723-B174-01F7FF79698B}.Release|x64.Build.0 = Release|x64
		{B0FDD127-F35C-4C89-A89A-4402575AC39E}.Debug|Win32.ActiveCfg = Debug|Win32
		{B0FDD127-F35C-4C89-A89A-4402575AC39E}.Debug|Win32.Build.0 = Debug|Win32
		{B0FDD127-F35C-4C89-A89A-4402575AC39E}.Debug|x64.ActiveCfg = Debug|x64
		{B0FDD127-F35C-4C89-A89A-4402575AC39E}.Debug|x64.Build.0 = Debug|x64
		{B0FDD127-F35C-4C89-A89A-4402575AC39E}.Release|Win32.ActiveCfg = Release|Win32
		{B0FDD127-F35C-4C89-A89A-4402575AC39E}.Release|Win32.Build.0 = Release|Win32
		{B0FDD127-F35C-4C89-A89A-4402575AC39E}.Release|x64.ActiveCfg = Release|x64
		{B0FDD127-F35C-4C89-A89A-4402575AC39E}.Release|x64.Build.0 = Release|x64
		{7B098B60-ACE3-40D9-8B67-2E4021D21CC1}.Debug|Win32.ActiveCfg = Debug|Win32
		{7B098B60-ACE3-40D9-8B67-2E4021D21CC1}.Debug|Win32.Build.0 = Debug|Win32
		{7B098B60-ACE3-40D9-8B67-2E4021D21CC1}.Debug|x64.ActiveCfg = Debug|x64
		{7B098B60-ACE3-40D9-8B67-2E4021D21CC1}.Debug|x64.Build.0 = Debug|x64
		{7B098B60-ACE3-40D9-8B67-2E4021D21CC1}.Release|Win32.ActiveCfg = Release|Win32
		{7B098B60-ACE3-40D9-8B67-2E4021D21CC1}.Release|Win32.Build.0 = Release|Win32
		{7B098B60-ACE3-40D9-8B67-2E4021D21CC1}.Release|x64.ActiveCfg = Release|x64
		{7B098B60-ACE3-40D9-8B67-2E4021D21CC1}.Release|x64.Build.0 = Release|x64
		{2B8E9B32-7653-44B7-B0E8-9E77AA4236FD}.Debug|Win32.ActiveCfg = Debug|Win32
		{2B8E9B32-7653-44B7-B0E8-9E77AA4236FD}.Debug|Win32.Build.0 = Debug|Win32
		{2B8E9B32-7653-44B7-B0E8-9E77AA4236FD}.Debug|x64.ActiveCfg = Debug|x64
		{2B8E9B32-7653-44B7-B0E8-9E77AA4236FD}.Debug|x64.Build.0 = Debug|x64
		{2B8E9B32-7653-44B7-B0E8-9E77AA4236FD}.Release|Win32.ActiveCfg = Release|Win32
		{2B8E9B32-7653-44B7-B0E8-9E77AA4236FD}.Release|Win32.Build.0 = Release|Win32
		{2B8E9B32-7653-44B7-B0E8-9E77AA4236FD}.Release|x64.ActiveCfg = Release|x64
		{2B8E9B32-7653-44B7-B0E8-9E77AA4236FD}.Release|x64.Build.0 = Release|x64
		{0D758B56-0FF9-4343-98B6-448C39F6AB99}.Debug|Win32.ActiveCfg = Debug|Win32
		{0D758B56-0FF9-4343-98B6-448C39F6AB99}.Debug|Win32.Build.0 = Debug|Win32
		{0D758B56-0FF9-4343-98B6-448C39F6AB99}.Debug|x64.ActiveCfg = Debug|x64
		{0D758B56-0FF9-4343-98B6-448C39F6AB99}.Debug|x64.Build.0 = Debug|x64
		{0D758B56-0FF9-4343-98B6-448C39F6AB99}.Release|Win32.ActiveCfg = Release|Win32
		{0D758B56-0FF9-4343-98B6-448C39F6AB99}.Release|Win32.Build.0 = Release|Win32
		{0D758B56-0FF9-4343-98B6-448C39F6AB99}.Release|x64.ActiveCfg = Release|x64
		{0D758B56-0FF9-4343-98B6-448C39F6AB99}.Release|x64.Build.0 = Release|x64
		{ADC29AB5-E1A8-4DF6-A361-41714F7E093C}.Debug|Win32.ActiveCfg = Debug|Win32
		{ADC29AB5-E1A8-4DF6-A361-41714F7E093C}.Debug|Win32.Build.0 = Debug|Win32
		{ADC29AB5-E1A8-4DF6-A361-41714F7E093C}.Debug|x64.ActiveCfg = Debug|x64
		{ADC29AB5-E1A8-4DF6-A361-41714F7E093C}.Debug|x64.Build.0 = Debug|x64
		{ADC29AB5-E1A8-4DF6-A361-41714F7E093C}.Release|Win32.ActiveCfg = Release|Win32
		{ADC29AB5-E1A8-4DF6-A361-41714F7E093C}.Release|Win32.Build.0 = Release|Win32
		{ADC29AB5-E1A8-4DF6-A361-41714F7E093C}.Release|x64.ActiveCfg = Release|x64
		{ADC29AB5-E1A8-4DF6-A361-41714F7E093C}.Release|x64.Build.0 = Release|x64
		{F1D7B159-4824-4C1C-95ED-AEDE836B903A}.Debug|Win32.ActiveCfg = Debug|Win32
		{F1D7B159-4824-4C1C-95ED-AEDE836B903A}.Debug|Win32.Build.0 = Debug|Win32
		{F1D7B159-4824-4C1C-95ED-AEDE836B903A}.Debug|x64.ActiveCfg = Debug|x64
		{F1D7B159-4824-4C1C-95ED-AEDE836B903A}.Debug|x64.Build.0 = Debug|x64
		{F1D7B159-4824-4C1C-95ED-AEDE836B903A}.Release|Win32.ActiveCfg = Release|Win32
		{F1D7B159-4824-4C1C-95ED-AEDE836B903A}.Release|Win32.Build.0 = Release|Win32
		{F1D7B159-4824-4C1C-95ED-AEDE836B903A}.Release|x64.ActiveCfg = Release|x64
		{F1D7B159-4824-4C1C-95ED-AEDE836B903A}.Release|x64.Build.0 = Release|x64
		{B97FB82A-4A98-4C25-AEAB-A2D2041E0D95}.Debug|Win32.ActiveCfg = Debug|Win32
		{B97FB82A-4A98-4C25-AEAB-A2D2041E0D95}.Debug|Win32.Build.0 = Debug|Win32
		{B97FB82A-4A98-4C25-AEAB-A2D2041E0D95}.Debug|x64.ActiveCfg = Debug|x64
		{B97FB82A-4A98-4C25-AEAB-A2D2041E0D95}.Debug|x64.Build.0 = Debug|x64
		{B97FB82A-4A98-4C25-AEAB-A2D2041E0D95}.Release|Win32.ActiveCfg = Release|Win32
		{B97FB82A-4A98-4C25-AEAB-A2D2041E0D95}.Release|Win32.Build.0 = Release|Win32
		{B97FB82A-4A98-4C25-AEAB-A2D2041E0D95}.Release|x64.ActiveCfg = Release|x64
		{B97FB82A-4A98-4C25-AEAB-A2D2041E0D95}.Release|x64.Build.0 = Release|x64
		{E2B9EE72-8464-4270-8B14-E93A83C4CE84}.Debug|Win32.ActiveCfg = Debug|Win32
		{E2B9EE72-8464-4270-8B14-E93A83C4CE84}.Debug|Win32.Build.0 = Debug|Win32
		{E2B9EE72-8464-4270-8B14-E93A83C4CE84}.Debug|x64.ActiveCfg = Debug|x64
		{E2B9EE72-8464-4270-8B14-E93A83C4CE84}.Debug|x64.Build.0 = Debug|x64
		{E2B9EE72-8464-4270-8B14-E93A83C4CE84}.Release|Win32.ActiveCfg = Release|Win32
		{E2B9EE72-8464-4270-8B14-E93A83C4CE84}.Release|Win32.Build.0 = Release|Win32
		{E2B9EE72-8464-4270-8B14-E93A83C4CE84}.Release|x64.ActiveCfg = Release|x64
		{E2B9EE72-8464-4270-8B14-E93A83C4CE84}.Release|x64.Build.0 = Release|x64
		{A98851AA-0FF6-4FB9-93FD-549D414D0620}.Debug|Win32.ActiveCfg = Debug|Win32
		{A98851AA-0FF6-4FB9-93FD-549D414D0620}.Debug|Win32.Build.0 = Debug|Win32
		{A98851AA-0FF6-4FB9-93FD-549D414D0620}.Debug|x64.ActiveCfg = Debug|x64
		{A98851AA-0FF6-4FB9-93FD-549D414D0620}.Debug|x64.Build.0 = Debug|x64
		{A98851AA-0FF6-4FB9-93FD-549D414D0620}.Release|Win32.ActiveCfg = Release|Win32
		{A98851AA-0FF6-4FB9-93FD-549D414D0620}.Release|Win32.Build.0 = Release|Win32
		{A98851AA-0FF6-4FB9-93FD-549D414D0620}.Release|x64.ActiveCfg = Release|x64
		{A98851AA-0FF6-4FB9-93FD-549D414D0620}.Release|x64.Build.0 = Release|x64
		{DCB267CB-0EA7-4299-BB33-9C9512F01194}.Debug|Win32.ActiveCfg = Debug|Win32
		{DCB267CB-0EA7-4299-BB33-9C9512F01194}.Debug|Win32.Build.0 = Debug|Win32
		{DCB267CB-0EA7-4299-BB33-9C9512F01194}.Debug|x64.ActiveCfg = Debug|x64
		{DCB267CB-0EA7-4299-BB33-9C9512F01194}.Debug|x64.Build.0 = Debug|x64
		{DCB267CB-0EA7-4299-BB33-9C9512F01194}.Release|Win32.ActiveCfg = Release|Win32
		{DCB267CB-0EA7-4299-BB33-9C9512F01194}.Release|Win32.Build.0 = Release|Win32
		{DCB267CB-0EA7-4299-BB33-9C9512F01194}.Release|x64.ActiveCfg = Release|x64
		{DCB267CB-0EA7-4299-BB33-9C9512F01194}.Release|x64.Build.0 = Release|x64
		{09AC396A-DDE0-4B04-8B17-27A977786934}.Debug|Win32.ActiveCfg = Debug|Win32
		{09AC396A-DDE0-4B04-8B17-27A977786934}.Debug|Win32.Build.0 = Debug|Win32
		{09AC396A-DDE0-4B04-8B17-27A977786934}.Debug|x64.ActiveCfg = Debug|x64
		{09AC396A-DDE0-4B04-8B17-27A977786934}.Debug|x64.Build.0 = Debug|x64
		{09AC396A-DDE0-4B04-8B17-27A977786934}.Release|Win32.ActiveCfg = Release|Win32
		{09AC396A-DDE0-4B04-8B17-27A977786934}.Release|Win32.Build.0 = Release|Win32
		{09AC396A-DDE0-4B04-8B17-27A977786934}.Release|x64.ActiveCfg = Release|x64
		{09AC396A-DDE0-4B04-8B17-27A977786934}.Release|x64.Build.0 = Release|x64
		{A6CCF2ED-C62D-4942-822B-40E0455AEC28}.Debug|Win32.ActiveCfg = Debug|Win32
		{A6CCF2ED-C62D-4942-822B-40E0455AEC28}.Debug|Win32.Build.0 = Debug|Win32
		{A6CCF2ED-C62D-4942-822B-40E0455AEC28}.Debug|x64.ActiveCfg = Debug|x64
		{A6CCF2ED-C62D-4942-822B-40E0455AEC28}.Debug|x64.Build.0 = Debug|x64
		{A6CCF2ED-C62D-4942-822B-40E0455AEC28}.Release|Win32.ActiveCfg = Release|Win32
		{A6CCF2ED-C62D-4942-822B-40E0455AEC28}.Release|Win32.Build.0 = Release|Win32
		{A6CCF2ED-C62D-4942-822B-40E0455AEC28}.Release|x64.ActiveCfg = Release|x64
		{A6CCF2ED-C62D-4942-822B-40E0455AEC28}.Release|x64.Build.0 = Release|x64
		{5FDD2DB3-6A19-4B23-9E6E-75DA48357F71}.Debug|Win32.ActiveCfg = Debug|Win32
		{5FDD2DB3-6A19-4B23-9E6E-75DA48357F71}.Debug|Win32.Build.0 = Debug|Win32
		{5FDD2DB3-6A19-4B23-9E6E-75DA48357F71}.Debug|x64.ActiveCfg = Debug|x64
		{5FDD2DB3-6A19-4B23-9E6E-75DA48357F71}.Debug|x64.Build.0 = Debug|x64
		{5FDD2DB3-6A19-4B23-9E6E-75DA48357F71}.Release|Win32.ActiveCfg = Release|Win32
		{5FDD2DB3-6A19-4B23-9E6E-75DA48357F71}.Release|Win32.Build.0 = Release|Win32
		{5FDD2DB3-6A19-4B23-9E6E-75DA48357F71}.Release|x64.ActiveCfg = Release|x64
		{5FDD2DB3-6A19-4B23-9E6E-75DA48357F71}.Release|x64.Build.0 = Release|x64
		{612C5146-DB1D-4703-9BB7-547AB5DED7F5}.Debug|Win32.ActiveCfg = Debug|Win32
		{612C5146-DB1D-4703-9BB7-547AB5DED7F5}.Debug|Win32.Build.0 = Debug|Win32
		{612C5146-DB1D-4703-9BB7-547AB5DED7F5}.Debug|x64.ActiveCfg = Debug|x64
		{612C5146-DB1D-4703-9BB7-547AB5DED7F5}.Debug|x64.Build.0 = Debug|x64
		{612C5146-DB1D-4703-9BB7-547AB5DED7F5}.Release|Win32.ActiveCfg = Release|Win32
		{612C5146-DB1D-4703-9BB7-547AB5DED7F5}.Release|Win32.Build.0 = Release|Win32
		{612C5146-DB1D-4703-9BB7-547AB5DED7F5}.Release|x64.ActiveCfg = Release|x64
		{612C5146-DB1D-4703-9BB7-547AB5DED7F5}.Release|x64.Build.0 = Release|x64
		{5FA23BBC-CBF5-4F8D-AB2B-2059045B3438}.Debug|Win32.ActiveCfg = Debug|Win32
		{5FA23BBC-CBF5-4F8D-AB2B-2059045B3438}.Debug|Win32.Build.0 = Debug|Win32
		{5FA23BBC-CBF5-4F8D-AB2B-2059045B3438}.Debug|x64.ActiveCfg = Debug|x64
		{5FA23BBC-CBF5-4F8D-AB2B-2059045B3438}.Debug|x64.Build.0 = Debug|x64
		{5FA23BBC-CBF5-4F8D-AB2B-2059045B3438}.Release|Win32.ActiveCfg = Release|Win32
		{5FA23BBC-CBF5-4F8D-AB2B-2059045B3438}.Release|Win32.Build.0 = Release|Win32
		{5FA23BBC-CBF5-4F8D-AB2B-2059045B3438}.Release|x64.ActiveCfg = Release|x64
		{5FA23BBC-CBF5-4F8D-AB2B-2059045B3438}.Release|x64.Build.0 = Release|x64
		{9D008851-0A14-4CD7-B858-D94C31F0F146}.Debug|Win32.ActiveCfg = Debug|Win32
		{9D008851-0A14-4CD7-B858-D94C31F0F146}.Debug|Win32.Build.0 = Debug|Win32
		{9D008851-0A14-4CD7-B858-D94C31F0F146}.Debug|x64.ActiveCfg = Debug|x64
		{9D008851-0A14-4CD7-B858-D94C31F0F146}.Debug|x64.Build.0 = Debug|x64
		{9D008851-0A14-4CD7-B858-D94C31F0F146}.Release|Win32.ActiveCfg = Release|Win32
		{9D008851-0A14-4CD7-B858-D94C31F0F146}.Release|Win32.Build.0 = Release|Win32
		{9D008851-0A14-4CD7-B858-D94C31F0F146}.Release|x64.ActiveCfg = Release|x64
		{9D008851-0A14-4CD7-B858-D94C31F0F146}.Release|x64.Build.0 = Release|x64
		{433F07EA-2379-40FB-A7FF-98E663361ACD}.Debug|Win32.ActiveCfg = Debug|Win32
		{433F07EA-2379-40FB-A7FF-98E663361ACD}.Debug|Win32.Build.0 = Debug|Win32
		{433F07EA-2379-40FB-A7FF-98E663361ACD}.Debug|x64.ActiveCfg = Debug|x64
		{433F07EA-2379-40FB-A7FF-98E663361ACD}.Debug|x64.Build.0 = Debug|x64
		{433F07EA-2379-40FB-A7FF-98E663361ACD}.Release|Win32.ActiveCfg = Release|Win32
		{433F07EA-2379-40FB-A7FF-98E663361ACD}.Release|Win32.Build.0 = Release|Win32
		{433F07EA-2379-40FB-A7FF-98E663361ACD}.Release|x64.ActiveCfg = Release|x64
		{433F07EA-2379-40FB-A7FF-98E663361ACD}.Release|x64.Build.0 = Release|x64
		{E7074931-1D94-4D38-8118-96E55E7C31D6}.Debug|Win32.ActiveCfg = Debug|Win32
		{E7074931-1D94-4D38-8118-96E55E7C31D6}.Debug|Win32.Build.0 = Debug|Win32
		{E7074931-1D94-4D38-8118-96E55E7C31D6}.Debug|x64.ActiveCfg = Debug|x64
		{E7074931-1D94-4D38-8118-96E55E7C31D6}.Debug|x64.Build.0 = Debug|x64
		{E7074931-1D94-4D38-8118-96E55E7C31D6}.Release|Win32.ActiveCfg = Release|Win32
		{E7074931-1D94-4D38-8118-96E55E7C31D6}.Release|Win32.Build.0 = Release|Win32
		{E7074931-1D94-4D38-8118-96E55E7C31D6}.Release|x64.ActiveCfg = Release|x64
		{E7074931-1D94-4D38-8118-96E55E7C31D6}.Release|x64.Build.0 = Release|x64
		{FF32FF78-648D-4652-8086-1C4CCB149A5B}.Debug|Win32.ActiveCfg = Debug|Win32
		{FF32FF78-648D-4652-8086-1C4CCB149A5B}.Debug|Win32.Build.0 = Debug|Win32
		{FF32FF78-648D-4652-8086-1C4CCB149A5B}.Debug|x64.ActiveCfg = Debug|x64
		{FF32FF78-648D-4652-8086-1C4CCB149A5B}.Debug|x64.Build.0 = Debug|x64
		{FF32FF78-648D-4652-8086-1C4CCB149A5B}.Release|Win32.ActiveCfg = Release|Win32
		{FF32FF78-648D-4652-8086-1C4CCB149A5B}.Release|Win32.Build.0 = Release|Win32
		{FF32FF78-648D-4652-8086-1C4CCB149A5B}.Release|x64.ActiveCfg = Release|x64
		{FF32FF78-648D-4652-8086-1C4CCB149A5B}.Release|x64.Build.0 = Release|x64
		{1831E07D-1C6A-48EC-B4DD-59C09B037005}.Debug|Win32.ActiveCfg = Debug|Win32
		{1831E07D-1C6A-48EC-B4DD-59C09B037005}.Debug|Win32.Build.0 = Debug|Win32
		{1831E07D-1C6A-48EC-B4DD-59C09B037005}.Debug|x64.ActiveCfg = Debug|x64
		{1831E07D-1C6A-48EC-B4DD-59C09B037005}.Debug|x64.Build.0 = Debug|x64
		{1831E07D-1C6A-48EC-B4DD-59C09B037005}.Release|Win32.ActiveCfg = Release|Win32
		{1831E07D-1C6A-48EC-B4DD-59C09B037005}.Release|Win32.Build.0 = Release|Win32
		{1831E07D-1C6A-48EC-B4DD-59C09B037005}.Release|x64.ActiveCfg = Release|x64
		{1831E07D-1C6A-48EC-B4DD-59C09B037005}.Release|x64.Build.0 = Release|x64
		{7E6EF5D6-E6DF-4485-BF8F-10482C949975}.Debug|Win32.ActiveCfg = Debug|Win32
		{7E6EF5D6-E6DF-4485-BF8F-10482C949975}.Debug|Win32.Build.0 = Debug|Win32
		{7E6EF5D6-E6DF-4485-BF8F-10482C949975}.Debug|x64.ActiveCfg = Debug|x64
		{7E6EF5D6-E6DF-4485-BF8F-10482C949975}.Debug|x64.Build.0 = Debug|x64
		{7E6EF5D6-E6DF-4485-BF8F-10482C949975}.Release|Win32.ActiveCfg = Release|Win32
		{7E6EF5D6-E6DF-4485-BF8F-10482C949975}.Release|Win32.Build.0 = Release|Win32
		{7E6EF5D6-E6DF-4485-BF8F-10482C949975}.Release|x64.ActiveCfg = Release|x64
		{7E6EF5D6-E6DF-4485-BF8F-10482C949975}.Release|x64.Build.0 = Release|x64
		{6A589A7B-626E-456B-95CA-A6547E3E903D}.Debug|Win32.ActiveCfg = Debug|Win32
		{6A589A7B-626E-456B-95CA-A6547E3E903D}.Debug|Win32.Build.0 = Debug|Win32
		{6A589A7B-626E-456B-95CA-A6547E3E903D}.Debug|x64.ActiveCfg = Debug|x64
		{6A589A7B-626E-456B-95CA-A6547E3E903D}.Debug|x64.Build.0 = Debug|x64
		{6A589A7B-626E-456B-95CA-A6547E3E903D}.Release|Win32.ActiveCfg = Release|Win32
		{6A589A7B-626E-456B-95CA-A6547E3E903D}.Release|Win32.Build.0 = Release|Win32
		{6A589A7B-626E-456B-95CA-A6547E3E903D}.Release|x64.ActiveCfg = Release|x64
		{6A589A7B-626E-456B-95CA-A6547E3E903D}.Release|x64.Build.0 = Release|x64
		{F449F119-4F5D-4FB7-AD79-1A014AA4AA93}.Debug|Win32.ActiveCfg = Debug|Win32
		{F449F119-4F5D-4FB7-AD79-1A014AA4AA93}.Debug|Win32.Build.0 = Debug|Win32
		{F449F119-4F5D-4FB7-AD79-1A014AA4AA93}.Debug|x64.ActiveCfg = Debug|x64
		{F449F119-4F5D-4FB7-AD79-1A014AA4AA93}.Debug|x64.Build.0 = Debug|x64
		{F449F119-4F5D-4FB7-AD79-1A014AA4AA93}.Release|Win32.ActiveCfg = Release|Win32
		{F449F119-4F5D-4FB7-AD79-1A014AA4AA93}.Release|Win32.Build.0 = Release|Win32
		{F449F119-4F5D-4FB7-AD79-1A014AA4AA93}.Release|x64.ActiveCfg = Release|x64
		{F449F119-4F5D-4FB7-AD79-1A014AA4AA93}.Release|x64.Build.0 = Release|x64
		{35F5CFEE-95F9-40E7-8334-16B63A06B905}.Debug|Win32.ActiveCfg = Debug|Win32
		{35F5CFEE-95F9-40E7-8334-16B63A06B905}.Debug|Win32.Build.0 = Debug|Win32
		{35F5CFEE-95F9-40E7-8334-16B63A06B905}.Debug|x64.ActiveCfg = Debug|x64
		{35F5CFEE-95F9-40E7-8334-16B63A06B905}.Debug|x64.Build.0 = Debug|x64
		{35F5CFEE-95F9-40E7-8334-16B63A06B905}.Release|Win32.ActiveCfg = Release|Win32
		{35F5CFEE-95F9-40E7-8334-16B63A06B905}.Release|Win32.Build.0 = Release|Win32
		{35F5CFEE-95F9-40E7-8334-16B63A06B905}.Release|x64.ActiveCfg = Release|x64
		{35F5CFEE-95F9-40E7-8334-16B63A06B905}.Release|x64.Build.0 = Release|x64
		{C7A41CA9-2832-4004-8676-B31ED2FC3B50}.Debug|Win32.ActiveCfg = Debug|Win32
		{C7A41CA9-2832-4004-8676-B31ED2FC3B50}.Debug|Win32.Build.0 = Debug|Win32
		{C7A41CA9-2832-4004-8676-B31ED2FC3B50}.Debug|x64.ActiveCfg = Debug|x64
		{C7A41CA9-2832-4004-8676-B31ED2FC3B50}.Debug|x64.Build.0 = Debug|x64
		{C7A41CA9-2832-4004-8676-B31ED2FC3B50}.Release|Win32.ActiveCfg = Release|Win32
		{C7A41CA9-2832-4004-8676-B31ED2FC3B50}.Release|Win32.Build.0 = Release|Win32
		{C7A41CA9-2832-4004-8676-B31ED2FC3B50}.Release|x64.ActiveCfg = Release|x64
		{C7A41CA9-2832-4004-8676-B31ED2FC3B50}.Release|x64.Build.0 = Release|x64
		{4EC96DB4-034B-4760-A23D-6085199C5AF0}.Debug|Win32.ActiveCfg = Debug|Win32
		{4EC96DB4-034B-4760-A23D-6085199C5AF0}.Debug|Win32.Build.0 = Debug|Win32
		{4EC96DB4-034B-4760-A23D-6085199C5AF0}.Debug|x64.ActiveCfg = Debug|x64
		{4EC96DB4-034B-4760-A23D-6085199C5AF0}.Debug|x64.Build.0 = Debug|x64
		{4EC96DB4-034B-4760-A23D-6085199C5AF0}.Release|Win32.ActiveCfg = Release|Win32
		{4EC96DB4-034B-4760-A23D-6085199C5AF0}.Release|Win32.Build.0 = Release|Win32
		{4EC96DB4-034B-4760-A23D-6085199C5AF0}.Release|x64.ActiveCfg = Release|x64
		{4EC96DB4-034B-4760-A23D-6085199C5AF0}.Release|x64.Build.0 = Release|x64
		{56494E7D-9F8C-4A36-BCED-18C0DA7A227B}.Debug|Win32.ActiveCfg = Debug|Win32
		{56494E7D-9F8C-4A36-BCED-18C0DA7A227B}.Debug|Win32.Build.0 = Debug|Win32
		{56494E7D-9F8C-4A36-BCED-18C0DA7A227B}.Debug|x64.ActiveCfg = Debug|x64
		{56494E7D-9F8C-4A36-BCED-18C0DA7A227B}.Debug|x64.Build.0 = Debug|x64
		{56494E7D-9F8C-4A36-BCED-18C0DA7A227B}.Release|Win32.ActiveCfg = Release|Win32
		{56494E7D-9F8C-4A36-BCED-18C0DA7A227B}.Release|Win32.Build.0 = Release|Win32
		{56494E7D-9F8C-4A36-BCED-18C0DA7A227B}.Release|x64.ActiveCfg = Release|x64
		{56494E7D-9F8C-4A36-BCED-18C0DA7A227B}.Release|x64.Build.0 = Release|x64
		{735E9E85-7EB3-4A01-AB7B-C9E1C324081A}.Debug|Win32.ActiveCfg = Debug|Win32
		{735E9E85-7EB3-4A01-AB7B-C9E1C324081A}.Debug|Win32.Build.0 = Debug|Win32
		{735E9E85-7EB3-4A01-AB7B-C9E1C324081A}.Debug|x64.ActiveCfg = Debug|x64
		{735E9E85-7EB3-4A01-AB7B-C9E1C324081A}.Debug|x64.Build.0 = Debug|x64
		{735E9E85-7EB3-4A01-AB7B-C9E1C324081A}.Release|Win32.ActiveCfg = Release|Win32
		{735E9E85-7EB3-4A01-AB7B-C9E1C324081A}.Release|Win32.Build.0 = Release|Win32
		{735E9E85-7EB3-4A01-AB7B-C9E1C324081A}.Release|x64.ActiveCfg = Release|x64
		{735E9E85-7EB3-4A01-AB7B-C9E1C324081A}.Release|x64.Build.0 = Release|x64
	EndGlobalSection
	GlobalSection(SolutionProperties) = preSolution
		HideSolutionNode = FALSE
	EndGlobalSection
	GlobalSection(ExtensibilityGlobals) = postSolution
		SolutionGuid = {D73456C5-B150-46C3-9E95-C282C6777726}
	EndGlobalSection
EndGlobal
